
Microsoft Visual Studio Solution File, Format Version 12.00
# Visual Studio Version 17
VisualStudioVersion = 17.5.33627.172
MinimumVisualStudioVersion = 10.0.40219.1
Project("{9A19103F-16F7-4668-BE54-9A1E7A4F7556}") = "WPF_MaintainEmployeeDetails", "WPF_MaintainEmployeeDetails.csproj", "{86CAE37A-B9F7-4B26-9770-D7EEF58878CE}"
EndProject
Project("{FAE04EC0-301F-11D3-BF4B-00C04F79EFBC}") = "TestEmployee", "..\TestEmployee\TestEmployee.csproj", "{AA53E837-BB64-4F4B-B16C-689B11145D27}"
EndProject
Global
	GlobalSection(SolutionConfigurationPlatforms) = preSolution
		Debug|Any CPU = Debug|Any CPU
		Release|Any CPU = Release|Any CPU
	EndGlobalSection
	GlobalSection(ProjectConfigurationPlatforms) = postSolution
		{86CAE37A-B9F7-4B26-9770-D7EEF58878CE}.Debug|Any CPU.ActiveCfg = Debug|Any CPU
		{86CAE37A-B9F7-4B26-9770-D7EEF58878CE}.Debug|Any CPU.Build.0 = Debug|Any CPU
		{86CAE37A-B9F7-4B26-9770-D7EEF58878CE}.Release|Any CPU.ActiveCfg = Release|Any CPU
		{86CAE37A-B9F7-4B26-9770-D7EEF58878CE}.Release|Any CPU.Build.0 = Release|Any CPU
		{AA53E837-BB64-4F4B-B16C-689B11145D27}.Debug|Any CPU.ActiveCfg = Debug|Any CPU
		{AA53E837-BB64-4F4B-B16C-689B11145D27}.Debug|Any CPU.Build.0 = Debug|Any CPU
		{AA53E837-BB64-4F4B-B16C-689B11145D27}.Release|Any CPU.ActiveCfg = Release|Any CPU
		{AA53E837-BB64-4F4B-B16C-689B11145D27}.Release|Any CPU.Build.0 = Release|Any CPU
	EndGlobalSection
	GlobalSection(SolutionProperties) = preSolution
		HideSolutionNode = FALSE
	EndGlobalSection
	GlobalSection(ExtensibilityGlobals) = postSolution
		SolutionGuid = {0D0E86A3-7C68-45F6-8C00-D608CEC36EFF}
	EndGlobalSection
EndGlobal
